
Microsoft Visual Studio Solution File, Format Version 12.00
# Visual Studio Version 17
VisualStudioVersion = 17.10.34928.147
MinimumVisualStudioVersion = 10.0.40219.1
Project("{FAE04EC0-301F-11D3-BF4B-00C04F79EFBC}") = "D01_EF6_DatabaseFirst", "D01_EF6_DatabaseFirst\D01_EF6_DatabaseFirst.csproj", "{059BFF3D-4148-4F7D-A9B9-890711A22E94}"
EndProject
Project("{FAE04EC0-301F-11D3-BF4B-00C04F79EFBC}") = "D00_Utility", "..\..\..\..\..\RS11\02_OOP\03_CSharp_A\C04_CSA_RS11_ClaudiaSouza_A2_CSharpAdvanced\D00_Utility\D00_Utility.csproj", "{F9BDE1AA-9E8B-48CB-A240-4CF0C547EEF8}"
EndProject
Project("{FAE04EC0-301F-11D3-BF4B-00C04F79EFBC}") = "E01_EF6_AdventureWorks", "E01_EF6_AdventureWorks\E01_EF6_AdventureWorks.csproj", "{16617CCA-06DD-4930-B49C-D246801087B7}"
EndProject
Project("{FAE04EC0-301F-11D3-BF4B-00C04F79EFBC}") = "D02_EF6_CodeFirst", "D02_EF6_CodeFirst\D02_EF6_CodeFirst.csproj", "{A690BE73-0064-4D84-A34E-7412C719D948}"
EndProject
Project("{FAE04EC0-301F-11D3-BF4B-00C04F79EFBC}") = "E02_EF6_PublishingCompany", "E02_EF6_Library\E02_EF6_PublishingCompany.csproj", "{FF08A422-DF1F-4670-B312-9F7DA094D92A}"
EndProject
Global
	GlobalSection(SolutionConfigurationPlatforms) = preSolution
		Debug|Any CPU = Debug|Any CPU
		Release|Any CPU = Release|Any CPU
	EndGlobalSection
	GlobalSection(ProjectConfigurationPlatforms) = postSolution
		{059BFF3D-4148-4F7D-A9B9-890711A22E94}.Debug|Any CPU.ActiveCfg = Debug|Any CPU
		{059BFF3D-4148-4F7D-A9B9-890711A22E94}.Debug|Any CPU.Build.0 = Debug|Any CPU
		{059BFF3D-4148-4F7D-A9B9-890711A22E94}.Release|Any CPU.ActiveCfg = Release|Any CPU
		{059BFF3D-4148-4F7D-A9B9-890711A22E94}.Release|Any CPU.Build.0 = Release|Any CPU
		{F9BDE1AA-9E8B-48CB-A240-4CF0C547EEF8}.Debug|Any CPU.ActiveCfg = Debug|Any CPU
		{F9BDE1AA-9E8B-48CB-A240-4CF0C547EEF8}.Debug|Any CPU.Build.0 = Debug|Any CPU
		{F9BDE1AA-9E8B-48CB-A240-4CF0C547EEF8}.Release|Any CPU.ActiveCfg = Release|Any CPU
		{F9BDE1AA-9E8B-48CB-A240-4CF0C547EEF8}.Release|Any CPU.Build.0 = Release|Any CPU
		{16617CCA-06DD-4930-B49C-D246801087B7}.Debug|Any CPU.ActiveCfg = Debug|Any CPU
		{16617CCA-06DD-4930-B49C-D246801087B7}.Debug|Any CPU.Build.0 = Debug|Any CPU
		{16617CCA-06DD-4930-B49C-D246801087B7}.Release|Any CPU.ActiveCfg = Release|Any CPU
		{16617CCA-06DD-4930-B49C-D246801087B7}.Release|Any CPU.Build.0 = Release|Any CPU
		{A690BE73-0064-4D84-A34E-7412C719D948}.Debug|Any CPU.ActiveCfg = Debug|Any CPU
		{A690BE73-0064-4D84-A34E-7412C719D948}.Debug|Any CPU.Build.0 = Debug|Any CPU
		{A690BE73-0064-4D84-A34E-7412C719D948}.Release|Any CPU.ActiveCfg = Release|Any CPU
		{A690BE73-0064-4D84-A34E-7412C719D948}.Release|Any CPU.Build.0 = Release|Any CPU
		{FF08A422-DF1F-4670-B312-9F7DA094D92A}.Debug|Any CPU.ActiveCfg = Debug|Any CPU
		{FF08A422-DF1F-4670-B312-9F7DA094D92A}.Debug|Any CPU.Build.0 = Debug|Any CPU
		{FF08A422-DF1F-4670-B312-9F7DA094D92A}.Release|Any CPU.ActiveCfg = Release|Any CPU
		{FF08A422-DF1F-4670-B312-9F7DA094D92A}.Release|Any CPU.Build.0 = Release|Any CPU
	EndGlobalSection
	GlobalSection(SolutionProperties) = preSolution
		HideSolutionNode = FALSE
	EndGlobalSection
	GlobalSection(ExtensibilityGlobals) = postSolution
		SolutionGuid = {D735ED1A-839A-4881-BC13-598BFDCC0E81}
	EndGlobalSection
EndGlobal
