
Microsoft Visual Studio Solution File, Format Version 12.00
# Visual Studio Version 17
VisualStudioVersion = 17.7.34031.279
MinimumVisualStudioVersion = 10.0.40219.1
Project("{FAE04EC0-301F-11D3-BF4B-00C04F79EFBC}") = "D01_Enum", "D01_Enum\D01_Enum.csproj", "{BD5593C0-6E5D-478C-904D-7B1C762B9503}"
EndProject
Project("{FAE04EC0-301F-11D3-BF4B-00C04F79EFBC}") = "D00_Utility", "D00_Utility\D00_Utility.csproj", "{F9BDE1AA-9E8B-48CB-A240-4CF0C547EEF8}"
EndProject
Project("{FAE04EC0-301F-11D3-BF4B-00C04F79EFBC}") = "D02_OOP_Encapsulation", "D02_OOP_Encapsulation\D02_OOP_Encapsulation.csproj", "{16131EB8-47B9-4D9F-BA39-9E4915BA63B3}"
EndProject
Project("{FAE04EC0-301F-11D3-BF4B-00C04F79EFBC}") = "D03_OOP_Inheritance", "D03_OOP_Inheritance\D03_OOP_Inheritance.csproj", "{FC85AF3F-13AD-4516-A62A-E52824B48385}"
EndProject
Project("{FAE04EC0-301F-11D3-BF4B-00C04F79EFBC}") = "D04_OOP_Polymorphism", "D04_OOP_Polymorphism\D04_OOP_Polymorphism.csproj", "{312161C0-8343-4898-8E02-F846091C1635}"
EndProject
Project("{FAE04EC0-301F-11D3-BF4B-00C04F79EFBC}") = "D05_OOP_Abstraction", "D05_OOP_Abstraction\D05_OOP_Abstraction.csproj", "{D3EFD1FF-3E2A-4B1E-8D9A-F4297D38E579}"
EndProject
Project("{FAE04EC0-301F-11D3-BF4B-00C04F79EFBC}") = "D06_OOP_Interfaces", "D06_OOP_Interfaces\D06_OOP_Interfaces.csproj", "{25E851DE-DE60-4A54-B23D-95ED77C683B8}"
EndProject
Project("{FAE04EC0-301F-11D3-BF4B-00C04F79EFBC}") = "E01_OOP_Vehicle_v1", "E01_OOP_Vehicle_v1\E01_OOP_Vehicle_v1.csproj", "{6FE89F9B-11FE-491C-8BC0-FB3588650E4E}"
EndProject
Project("{FAE04EC0-301F-11D3-BF4B-00C04F79EFBC}") = "D09_LINQ", "D09_LINQ\D09_LINQ.csproj", "{2B922D27-E577-41B9-8AD0-723ED9916BA0}"
EndProject
Project("{FAE04EC0-301F-11D3-BF4B-00C04F79EFBC}") = "E02_LINQ_LinqToObjects", "E02_LINQ_LinqToObjects\E02_LINQ_LinqToObjects.csproj", "{2FDBF01E-2099-4149-AD0C-7418BC6DE2DB}"
EndProject
Project("{FAE04EC0-301F-11D3-BF4B-00C04F79EFBC}") = "E03_LINQ_linqMethods", "E03_LINQ_linqMethods\E03_LINQ_linqMethods.csproj", "{64270B58-2C4E-434A-8B12-E712EA334B4F}"
EndProject
Project("{FAE04EC0-301F-11D3-BF4B-00C04F79EFBC}") = "D07_CollectionsGeneric_IEnumerable", "D07_CollectionsGeneric_IEnumerable\D07_CollectionsGeneric_IEnumerable.csproj", "{3B76E3BB-83DF-4BA9-ACC4-A8494F10EA5E}"
EndProject
Project("{FAE04EC0-301F-11D3-BF4B-00C04F79EFBC}") = "D08_CollectionsGeneric_Constraints", "D08_CollectionsGeneric_Constraints\D08_CollectionsGeneric_Constraints.csproj", "{2CC02468-D1AE-4237-AFD7-A2F446972BCC}"
EndProject
Project("{FAE04EC0-301F-11D3-BF4B-00C04F79EFBC}") = "00_ClassTemplate_v01", "00_ClassTemplate_v01\00_ClassTemplate_v01.csproj", "{388E24FA-5EF8-4E94-ABF5-9ABD51654ABA}"
EndProject
Project("{FAE04EC0-301F-11D3-BF4B-00C04F79EFBC}") = "D15_CSharpAdvanced_Async", "D15_CSharpAdvanced_Async\D15_CSharpAdvanced_Async.csproj", "{0A51312D-80FF-4C0F-9AF9-C9724DAC3A97}"
EndProject
Project("{FAE04EC0-301F-11D3-BF4B-00C04F79EFBC}") = "D10_CSharpAdvanced_Delegates", "..\..\..\..\..\RS11\02_OOP\03_CSharp_A\C04_CSA_RS11_ClaudiaSouza_A2_CSharpAdvanced\D10_CSharpAdvanced_Delegates\D10_CSharpAdvanced_Delegates.csproj", "{B368C5FA-3395-4ECA-B1C6-08918278C41D}"
EndProject
Project("{FAE04EC0-301F-11D3-BF4B-00C04F79EFBC}") = "D11_CSharpAdvanced_Events", "..\..\..\..\..\RS11\02_OOP\03_CSharp_A\C04_CSA_RS11_ClaudiaSouza_A2_CSharpAdvanced\D11_CSharpAdvanced_Events\D11_CSharpAdvanced_Events.csproj", "{EADB02C1-A1AF-4757-B8A0-DF0CEFE33CB7}"
EndProject
Project("{FAE04EC0-301F-11D3-BF4B-00C04F79EFBC}") = "D12_CSharpAdvanced_Lambda", "..\..\..\..\..\RS11\02_OOP\03_CSharp_A\C04_CSA_RS11_ClaudiaSouza_A2_CSharpAdvanced\D12_CSharpAdvanced_Lambda\D12_CSharpAdvanced_Lambda.csproj", "{13ABE509-B50B-4F0C-BE84-876F190EC065}"
EndProject
Project("{FAE04EC0-301F-11D3-BF4B-00C04F79EFBC}") = "D13_CSharpAdvanced_ExtensionMethods", "..\..\..\..\..\RS11\02_OOP\03_CSharp_A\C04_CSA_RS11_ClaudiaSouza_A2_CSharpAdvanced\D13_CSharpAdvanced_ExtensionMethods\D13_CSharpAdvanced_ExtensionMethods.csproj", "{9B1CCC0E-1EDB-4459-937E-A78E24D6BFE8}"
EndProject
Project("{FAE04EC0-301F-11D3-BF4B-00C04F79EFBC}") = "D14_CSharpAdvanced_Nullable", "..\..\..\..\..\RS11\02_OOP\03_CSharp_A\C04_CSA_RS11_ClaudiaSouza_A2_CSharpAdvanced\D14_CSharpAdvanced_Nullable\D14_CSharpAdvanced_Nullable.csproj", "{C461826C-58ED-4338-8B75-1111B24B9D2B}"
EndProject
Project("{FAE04EC0-301F-11D3-BF4B-00C04F79EFBC}") = "D16_FuncionalidadesRecentes_ValueTuples", "D16_FuncionalidadesRecentes_ValueTuples\D16_FuncionalidadesRecentes_ValueTuples.csproj", "{4DE2D8CA-D970-4EB2-ADA3-98686785FD39}"
EndProject
Project("{FAE04EC0-301F-11D3-BF4B-00C04F79EFBC}") = "E04_ExtensionMethod", "E04_ExtensionMethod\E04_ExtensionMethod.csproj", "{9B8DE762-101C-4947-9624-448DAF651586}"
EndProject
Project("{FAE04EC0-301F-11D3-BF4B-00C04F79EFBC}") = "D17_FuncionalidadesRecentes_PatternMatching", "D17_FuncionalidadesRecentes_PatternMatching\D17_FuncionalidadesRecentes_PatternMatching\D17_FuncionalidadesRecentes_PatternMatching.csproj", "{5FACC695-242F-4C11-9B52-A2D99AF0C830}"
EndProject
Project("{FAE04EC0-301F-11D3-BF4B-00C04F79EFBC}") = "D18_FuncionalidadesRecentes_AnonymousFunctions", "D18_FuncionalidadesRecentes_AnonymousFunctions\D18_FuncionalidadesRecentes_AnonymousFunctions\D18_FuncionalidadesRecentes_AnonymousFunctions.csproj", "{61D2EA4C-91FE-40CE-B1F0-A994D52F4DAE}"
EndProject
Project("{FAE04EC0-301F-11D3-BF4B-00C04F79EFBC}") = "D19_FuncionalidadesRecentes_LocalFunctions", "D19_FuncionalidadesRecentes_LocalFunctions\D19_FuncionalidadesRecentes_LocalFunctions\D19_FuncionalidadesRecentes_LocalFunctions.csproj", "{B2FADE40-C28E-4199-8574-E56E24C10382}"
EndProject
Project("{FAE04EC0-301F-11D3-BF4B-00C04F79EFBC}") = "D20_FuncionalidadesRecentes_Discards", "D20_FuncionalidadesRecentes_Discards\D20_FuncionalidadesRecentes_Discards.csproj", "{2452BAD4-0566-476A-B8A6-DC6B801D9E32}"
EndProject
Project("{FAE04EC0-301F-11D3-BF4B-00C04F79EFBC}") = "D21_SOLID_01_SRP", "D21_SOLID_01_SRP\D21_SOLID_01_SRP.csproj", "{6BADAFF0-ABDD-4E68-9979-C2DF4AA4382D}"
EndProject
Project("{FAE04EC0-301F-11D3-BF4B-00C04F79EFBC}") = "D21_SOLID_02_OCP", "D21_SOLID_02_OCP\D21_SOLID_02_OCP.csproj", "{68E332D7-B331-49E8-BEC8-2CF0EFC9C4FC}"
EndProject
Project("{FAE04EC0-301F-11D3-BF4B-00C04F79EFBC}") = "D21_SOLID_03_LSP", "D21_SOLID_03_LSP\D21_SOLID_03_LSP.csproj", "{4A7E5F2D-5C80-47B5-AA82-B103B3BF8398}"
EndProject
Project("{FAE04EC0-301F-11D3-BF4B-00C04F79EFBC}") = "D21_SOLID_04_ISP", "D21_SOLID_04_ISP\D21_SOLID_04_ISP.csproj", "{CDFE5539-731C-48AB-A6E4-D5C2721AC40E}"
EndProject
Project("{FAE04EC0-301F-11D3-BF4B-00C04F79EFBC}") = "D21_SOLID_05_DIP", "D21_SOLID_05_DIP\D21_SOLID_05_DIP.csproj", "{5D325CE5-0099-4D5A-BD40-04DA03C765D9}"
EndProject
Project("{FAE04EC0-301F-11D3-BF4B-00C04F79EFBC}") = "D21_SOLID_05_DIP_V2", "D21_SOLID_05_DIP_V2\D21_SOLID_05_DIP_V2.csproj", "{C1A486D3-517C-41C1-B0C4-771BAB9D4099}"
EndProject
Global
	GlobalSection(SolutionConfigurationPlatforms) = preSolution
		Debug|Any CPU = Debug|Any CPU
		Release|Any CPU = Release|Any CPU
	EndGlobalSection
	GlobalSection(ProjectConfigurationPlatforms) = postSolution
		{BD5593C0-6E5D-478C-904D-7B1C762B9503}.Debug|Any CPU.ActiveCfg = Debug|Any CPU
		{BD5593C0-6E5D-478C-904D-7B1C762B9503}.Debug|Any CPU.Build.0 = Debug|Any CPU
		{BD5593C0-6E5D-478C-904D-7B1C762B9503}.Release|Any CPU.ActiveCfg = Release|Any CPU
		{BD5593C0-6E5D-478C-904D-7B1C762B9503}.Release|Any CPU.Build.0 = Release|Any CPU
		{F9BDE1AA-9E8B-48CB-A240-4CF0C547EEF8}.Debug|Any CPU.ActiveCfg = Debug|Any CPU
		{F9BDE1AA-9E8B-48CB-A240-4CF0C547EEF8}.Debug|Any CPU.Build.0 = Debug|Any CPU
		{F9BDE1AA-9E8B-48CB-A240-4CF0C547EEF8}.Release|Any CPU.ActiveCfg = Release|Any CPU
		{F9BDE1AA-9E8B-48CB-A240-4CF0C547EEF8}.Release|Any CPU.Build.0 = Release|Any CPU
		{16131EB8-47B9-4D9F-BA39-9E4915BA63B3}.Debug|Any CPU.ActiveCfg = Debug|Any CPU
		{16131EB8-47B9-4D9F-BA39-9E4915BA63B3}.Debug|Any CPU.Build.0 = Debug|Any CPU
		{16131EB8-47B9-4D9F-BA39-9E4915BA63B3}.Release|Any CPU.ActiveCfg = Release|Any CPU
		{16131EB8-47B9-4D9F-BA39-9E4915BA63B3}.Release|Any CPU.Build.0 = Release|Any CPU
		{FC85AF3F-13AD-4516-A62A-E52824B48385}.Debug|Any CPU.ActiveCfg = Debug|Any CPU
		{FC85AF3F-13AD-4516-A62A-E52824B48385}.Debug|Any CPU.Build.0 = Debug|Any CPU
		{FC85AF3F-13AD-4516-A62A-E52824B48385}.Release|Any CPU.ActiveCfg = Release|Any CPU
		{FC85AF3F-13AD-4516-A62A-E52824B48385}.Release|Any CPU.Build.0 = Release|Any CPU
		{312161C0-8343-4898-8E02-F846091C1635}.Debug|Any CPU.ActiveCfg = Debug|Any CPU
		{312161C0-8343-4898-8E02-F846091C1635}.Debug|Any CPU.Build.0 = Debug|Any CPU
		{312161C0-8343-4898-8E02-F846091C1635}.Release|Any CPU.ActiveCfg = Release|Any CPU
		{312161C0-8343-4898-8E02-F846091C1635}.Release|Any CPU.Build.0 = Release|Any CPU
		{D3EFD1FF-3E2A-4B1E-8D9A-F4297D38E579}.Debug|Any CPU.ActiveCfg = Debug|Any CPU
		{D3EFD1FF-3E2A-4B1E-8D9A-F4297D38E579}.Debug|Any CPU.Build.0 = Debug|Any CPU
		{D3EFD1FF-3E2A-4B1E-8D9A-F4297D38E579}.Release|Any CPU.ActiveCfg = Release|Any CPU
		{D3EFD1FF-3E2A-4B1E-8D9A-F4297D38E579}.Release|Any CPU.Build.0 = Release|Any CPU
		{25E851DE-DE60-4A54-B23D-95ED77C683B8}.Debug|Any CPU.ActiveCfg = Debug|Any CPU
		{25E851DE-DE60-4A54-B23D-95ED77C683B8}.Debug|Any CPU.Build.0 = Debug|Any CPU
		{25E851DE-DE60-4A54-B23D-95ED77C683B8}.Release|Any CPU.ActiveCfg = Release|Any CPU
		{25E851DE-DE60-4A54-B23D-95ED77C683B8}.Release|Any CPU.Build.0 = Release|Any CPU
		{6FE89F9B-11FE-491C-8BC0-FB3588650E4E}.Debug|Any CPU.ActiveCfg = Debug|Any CPU
		{6FE89F9B-11FE-491C-8BC0-FB3588650E4E}.Debug|Any CPU.Build.0 = Debug|Any CPU
		{6FE89F9B-11FE-491C-8BC0-FB3588650E4E}.Release|Any CPU.ActiveCfg = Release|Any CPU
		{6FE89F9B-11FE-491C-8BC0-FB3588650E4E}.Release|Any CPU.Build.0 = Release|Any CPU
		{2B922D27-E577-41B9-8AD0-723ED9916BA0}.Debug|Any CPU.ActiveCfg = Debug|Any CPU
		{2B922D27-E577-41B9-8AD0-723ED9916BA0}.Debug|Any CPU.Build.0 = Debug|Any CPU
		{2B922D27-E577-41B9-8AD0-723ED9916BA0}.Release|Any CPU.ActiveCfg = Release|Any CPU
		{2B922D27-E577-41B9-8AD0-723ED9916BA0}.Release|Any CPU.Build.0 = Release|Any CPU
		{2FDBF01E-2099-4149-AD0C-7418BC6DE2DB}.Debug|Any CPU.ActiveCfg = Debug|Any CPU
		{2FDBF01E-2099-4149-AD0C-7418BC6DE2DB}.Debug|Any CPU.Build.0 = Debug|Any CPU
		{2FDBF01E-2099-4149-AD0C-7418BC6DE2DB}.Release|Any CPU.ActiveCfg = Release|Any CPU
		{2FDBF01E-2099-4149-AD0C-7418BC6DE2DB}.Release|Any CPU.Build.0 = Release|Any CPU
		{64270B58-2C4E-434A-8B12-E712EA334B4F}.Debug|Any CPU.ActiveCfg = Debug|Any CPU
		{64270B58-2C4E-434A-8B12-E712EA334B4F}.Debug|Any CPU.Build.0 = Debug|Any CPU
		{64270B58-2C4E-434A-8B12-E712EA334B4F}.Release|Any CPU.ActiveCfg = Release|Any CPU
		{64270B58-2C4E-434A-8B12-E712EA334B4F}.Release|Any CPU.Build.0 = Release|Any CPU
		{3B76E3BB-83DF-4BA9-ACC4-A8494F10EA5E}.Debug|Any CPU.ActiveCfg = Debug|Any CPU
		{3B76E3BB-83DF-4BA9-ACC4-A8494F10EA5E}.Debug|Any CPU.Build.0 = Debug|Any CPU
		{3B76E3BB-83DF-4BA9-ACC4-A8494F10EA5E}.Release|Any CPU.ActiveCfg = Release|Any CPU
		{3B76E3BB-83DF-4BA9-ACC4-A8494F10EA5E}.Release|Any CPU.Build.0 = Release|Any CPU
		{2CC02468-D1AE-4237-AFD7-A2F446972BCC}.Debug|Any CPU.ActiveCfg = Debug|Any CPU
		{2CC02468-D1AE-4237-AFD7-A2F446972BCC}.Debug|Any CPU.Build.0 = Debug|Any CPU
		{2CC02468-D1AE-4237-AFD7-A2F446972BCC}.Release|Any CPU.ActiveCfg = Release|Any CPU
		{2CC02468-D1AE-4237-AFD7-A2F446972BCC}.Release|Any CPU.Build.0 = Release|Any CPU
		{388E24FA-5EF8-4E94-ABF5-9ABD51654ABA}.Debug|Any CPU.ActiveCfg = Debug|Any CPU
		{388E24FA-5EF8-4E94-ABF5-9ABD51654ABA}.Debug|Any CPU.Build.0 = Debug|Any CPU
		{388E24FA-5EF8-4E94-ABF5-9ABD51654ABA}.Release|Any CPU.ActiveCfg = Release|Any CPU
		{388E24FA-5EF8-4E94-ABF5-9ABD51654ABA}.Release|Any CPU.Build.0 = Release|Any CPU
		{0A51312D-80FF-4C0F-9AF9-C9724DAC3A97}.Debug|Any CPU.ActiveCfg = Debug|Any CPU
		{0A51312D-80FF-4C0F-9AF9-C9724DAC3A97}.Debug|Any CPU.Build.0 = Debug|Any CPU
		{0A51312D-80FF-4C0F-9AF9-C9724DAC3A97}.Release|Any CPU.ActiveCfg = Release|Any CPU
		{0A51312D-80FF-4C0F-9AF9-C9724DAC3A97}.Release|Any CPU.Build.0 = Release|Any CPU
		{B368C5FA-3395-4ECA-B1C6-08918278C41D}.Debug|Any CPU.ActiveCfg = Debug|Any CPU
		{B368C5FA-3395-4ECA-B1C6-08918278C41D}.Debug|Any CPU.Build.0 = Debug|Any CPU
		{B368C5FA-3395-4ECA-B1C6-08918278C41D}.Release|Any CPU.ActiveCfg = Release|Any CPU
		{B368C5FA-3395-4ECA-B1C6-08918278C41D}.Release|Any CPU.Build.0 = Release|Any CPU
		{EADB02C1-A1AF-4757-B8A0-DF0CEFE33CB7}.Debug|Any CPU.ActiveCfg = Debug|Any CPU
		{EADB02C1-A1AF-4757-B8A0-DF0CEFE33CB7}.Debug|Any CPU.Build.0 = Debug|Any CPU
		{EADB02C1-A1AF-4757-B8A0-DF0CEFE33CB7}.Release|Any CPU.ActiveCfg = Release|Any CPU
		{EADB02C1-A1AF-4757-B8A0-DF0CEFE33CB7}.Release|Any CPU.Build.0 = Release|Any CPU
		{13ABE509-B50B-4F0C-BE84-876F190EC065}.Debug|Any CPU.ActiveCfg = Debug|Any CPU
		{13ABE509-B50B-4F0C-BE84-876F190EC065}.Debug|Any CPU.Build.0 = Debug|Any CPU
		{13ABE509-B50B-4F0C-BE84-876F190EC065}.Release|Any CPU.ActiveCfg = Release|Any CPU
		{13ABE509-B50B-4F0C-BE84-876F190EC065}.Release|Any CPU.Build.0 = Release|Any CPU
		{9B1CCC0E-1EDB-4459-937E-A78E24D6BFE8}.Debug|Any CPU.ActiveCfg = Debug|Any CPU
		{9B1CCC0E-1EDB-4459-937E-A78E24D6BFE8}.Debug|Any CPU.Build.0 = Debug|Any CPU
		{9B1CCC0E-1EDB-4459-937E-A78E24D6BFE8}.Release|Any CPU.ActiveCfg = Release|Any CPU
		{9B1CCC0E-1EDB-4459-937E-A78E24D6BFE8}.Release|Any CPU.Build.0 = Release|Any CPU
		{C461826C-58ED-4338-8B75-1111B24B9D2B}.Debug|Any CPU.ActiveCfg = Debug|Any CPU
		{C461826C-58ED-4338-8B75-1111B24B9D2B}.Debug|Any CPU.Build.0 = Debug|Any CPU
		{C461826C-58ED-4338-8B75-1111B24B9D2B}.Release|Any CPU.ActiveCfg = Release|Any CPU
		{C461826C-58ED-4338-8B75-1111B24B9D2B}.Release|Any CPU.Build.0 = Release|Any CPU
		{4DE2D8CA-D970-4EB2-ADA3-98686785FD39}.Debug|Any CPU.ActiveCfg = Debug|Any CPU
		{4DE2D8CA-D970-4EB2-ADA3-98686785FD39}.Debug|Any CPU.Build.0 = Debug|Any CPU
		{4DE2D8CA-D970-4EB2-ADA3-98686785FD39}.Release|Any CPU.ActiveCfg = Release|Any CPU
		{4DE2D8CA-D970-4EB2-ADA3-98686785FD39}.Release|Any CPU.Build.0 = Release|Any CPU
		{9B8DE762-101C-4947-9624-448DAF651586}.Debug|Any CPU.ActiveCfg = Debug|Any CPU
		{9B8DE762-101C-4947-9624-448DAF651586}.Debug|Any CPU.Build.0 = Debug|Any CPU
		{9B8DE762-101C-4947-9624-448DAF651586}.Release|Any CPU.ActiveCfg = Release|Any CPU
		{9B8DE762-101C-4947-9624-448DAF651586}.Release|Any CPU.Build.0 = Release|Any CPU
		{5FACC695-242F-4C11-9B52-A2D99AF0C830}.Debug|Any CPU.ActiveCfg = Debug|Any CPU
		{5FACC695-242F-4C11-9B52-A2D99AF0C830}.Debug|Any CPU.Build.0 = Debug|Any CPU
		{5FACC695-242F-4C11-9B52-A2D99AF0C830}.Release|Any CPU.ActiveCfg = Release|Any CPU
		{5FACC695-242F-4C11-9B52-A2D99AF0C830}.Release|Any CPU.Build.0 = Release|Any CPU
		{61D2EA4C-91FE-40CE-B1F0-A994D52F4DAE}.Debug|Any CPU.ActiveCfg = Debug|Any CPU
		{61D2EA4C-91FE-40CE-B1F0-A994D52F4DAE}.Debug|Any CPU.Build.0 = Debug|Any CPU
		{61D2EA4C-91FE-40CE-B1F0-A994D52F4DAE}.Release|Any CPU.ActiveCfg = Release|Any CPU
		{61D2EA4C-91FE-40CE-B1F0-A994D52F4DAE}.Release|Any CPU.Build.0 = Release|Any CPU
		{B2FADE40-C28E-4199-8574-E56E24C10382}.Debug|Any CPU.ActiveCfg = Debug|Any CPU
		{B2FADE40-C28E-4199-8574-E56E24C10382}.Debug|Any CPU.Build.0 = Debug|Any CPU
		{B2FADE40-C28E-4199-8574-E56E24C10382}.Release|Any CPU.ActiveCfg = Release|Any CPU
		{B2FADE40-C28E-4199-8574-E56E24C10382}.Release|Any CPU.Build.0 = Release|Any CPU
		{2452BAD4-0566-476A-B8A6-DC6B801D9E32}.Debug|Any CPU.ActiveCfg = Debug|Any CPU
		{2452BAD4-0566-476A-B8A6-DC6B801D9E32}.Debug|Any CPU.Build.0 = Debug|Any CPU
		{2452BAD4-0566-476A-B8A6-DC6B801D9E32}.Release|Any CPU.ActiveCfg = Release|Any CPU
		{2452BAD4-0566-476A-B8A6-DC6B801D9E32}.Release|Any CPU.Build.0 = Release|Any CPU
		{6BADAFF0-ABDD-4E68-9979-C2DF4AA4382D}.Debug|Any CPU.ActiveCfg = Debug|Any CPU
		{6BADAFF0-ABDD-4E68-9979-C2DF4AA4382D}.Debug|Any CPU.Build.0 = Debug|Any CPU
		{6BADAFF0-ABDD-4E68-9979-C2DF4AA4382D}.Release|Any CPU.ActiveCfg = Release|Any CPU
		{6BADAFF0-ABDD-4E68-9979-C2DF4AA4382D}.Release|Any CPU.Build.0 = Release|Any CPU
		{68E332D7-B331-49E8-BEC8-2CF0EFC9C4FC}.Debug|Any CPU.ActiveCfg = Debug|Any CPU
		{68E332D7-B331-49E8-BEC8-2CF0EFC9C4FC}.Debug|Any CPU.Build.0 = Debug|Any CPU
		{68E332D7-B331-49E8-BEC8-2CF0EFC9C4FC}.Release|Any CPU.ActiveCfg = Release|Any CPU
		{68E332D7-B331-49E8-BEC8-2CF0EFC9C4FC}.Release|Any CPU.Build.0 = Release|Any CPU
		{4A7E5F2D-5C80-47B5-AA82-B103B3BF8398}.Debug|Any CPU.ActiveCfg = Debug|Any CPU
		{4A7E5F2D-5C80-47B5-AA82-B103B3BF8398}.Debug|Any CPU.Build.0 = Debug|Any CPU
		{4A7E5F2D-5C80-47B5-AA82-B103B3BF8398}.Release|Any CPU.ActiveCfg = Release|Any CPU
		{4A7E5F2D-5C80-47B5-AA82-B103B3BF8398}.Release|Any CPU.Build.0 = Release|Any CPU
		{CDFE5539-731C-48AB-A6E4-D5C2721AC40E}.Debug|Any CPU.ActiveCfg = Debug|Any CPU
		{CDFE5539-731C-48AB-A6E4-D5C2721AC40E}.Debug|Any CPU.Build.0 = Debug|Any CPU
		{CDFE5539-731C-48AB-A6E4-D5C2721AC40E}.Release|Any CPU.ActiveCfg = Release|Any CPU
		{CDFE5539-731C-48AB-A6E4-D5C2721AC40E}.Release|Any CPU.Build.0 = Release|Any CPU
		{5D325CE5-0099-4D5A-BD40-04DA03C765D9}.Debug|Any CPU.ActiveCfg = Debug|Any CPU
		{5D325CE5-0099-4D5A-BD40-04DA03C765D9}.Debug|Any CPU.Build.0 = Debug|Any CPU
		{5D325CE5-0099-4D5A-BD40-04DA03C765D9}.Release|Any CPU.ActiveCfg = Release|Any CPU
		{5D325CE5-0099-4D5A-BD40-04DA03C765D9}.Release|Any CPU.Build.0 = Release|Any CPU
		{C1A486D3-517C-41C1-B0C4-771BAB9D4099}.Debug|Any CPU.ActiveCfg = Debug|Any CPU
		{C1A486D3-517C-41C1-B0C4-771BAB9D4099}.Debug|Any CPU.Build.0 = Debug|Any CPU
		{C1A486D3-517C-41C1-B0C4-771BAB9D4099}.Release|Any CPU.ActiveCfg = Release|Any CPU
		{C1A486D3-517C-41C1-B0C4-771BAB9D4099}.Release|Any CPU.Build.0 = Release|Any CPU
	EndGlobalSection
	GlobalSection(SolutionProperties) = preSolution
		HideSolutionNode = FALSE
	EndGlobalSection
	GlobalSection(ExtensibilityGlobals) = postSolution
		SolutionGuid = {02A2E336-823E-410C-8DBF-F0F5F06CB70B}
	EndGlobalSection
EndGlobal
