
Microsoft Visual Studio Solution File, Format Version 12.00
# Visual Studio Version 17
VisualStudioVersion = 17.7.34031.279
MinimumVisualStudioVersion = 10.0.40219.1
Project("{FAE04EC0-301F-11D3-BF4B-00C04F79EFBC}") = "D01_VisualStudio", "D01_VisualStudio\D01_VisualStudio.csproj", "{7217487B-A134-4E09-85FD-F31C25DBC43B}"
EndProject
Project("{FAE04EC0-301F-11D3-BF4B-00C04F79EFBC}") = "D02_AlgoritmoMedia", "D02_AlgoritmoMedia\D02_AlgoritmoMedia.csproj", "{C0F345E8-2A3D-48EB-ABD6-BA7DC0730BDE}"
EndProject
Project("{FAE04EC0-301F-11D3-BF4B-00C04F79EFBC}") = "D03_AlgoritmoPrecoFinal", "D03_AlgoritmoPrecoFinal\D03_AlgoritmoPrecoFinal.csproj", "{789BBAF4-76CC-4166-A25B-45DECE8B0F1C}"
EndProject
Project("{FAE04EC0-301F-11D3-BF4B-00C04F79EFBC}") = "D04_AlgoritmoMaiorDeDoisNumeros", "D04_AlgoritmoMaiorDeDoisNumeros\D04_AlgoritmoMaiorDeDoisNumeros.csproj", "{E78C56B7-80A0-4C0E-BF06-993004359AC6}"
EndProject
Project("{FAE04EC0-301F-11D3-BF4B-00C04F79EFBC}") = "E01_AlgoritmoMaioridade", "E01_AlgoritmoMaioridade\E01_AlgoritmoMaioridade.csproj", "{6D4FBD00-1CBB-490E-89F0-8E8E7049BC98}"
EndProject
Project("{FAE04EC0-301F-11D3-BF4B-00C04F79EFBC}") = "E02_AlgoritmoVotacao", "E02_AlgoritmoVotacao\E02_AlgoritmoVotacao.csproj", "{F46B71F2-5088-4343-BA4D-96361877DD54}"
EndProject
Project("{FAE04EC0-301F-11D3-BF4B-00C04F79EFBC}") = "E03_AlgoritmoInserirFormandoNoCurso", "E03_AlgoritmoInserirFormandoNoCurso\E03_AlgoritmoInserirFormandoNoCurso.csproj", "{8B5853E6-D95A-4EC0-957F-47B62926F6A1}"
EndProject
Project("{FAE04EC0-301F-11D3-BF4B-00C04F79EFBC}") = "E04_AlgoritmoTurma5Formando", "E04_AlgoritmoTurma5Formando\E04_AlgoritmoTurma5Formando.csproj", "{7566F7ED-8CE2-4FE5-AAAA-05A9A32CB71D}"
EndProject
Project("{FAE04EC0-301F-11D3-BF4B-00C04F79EFBC}") = "D06_DataTypes", "D06_DataTypes\D06_DataTypes.csproj", "{F705A636-88E7-49CD-B16B-8DB9CD9F5CA0}"
EndProject
Project("{FAE04EC0-301F-11D3-BF4B-00C04F79EFBC}") = "D05_AlgoritmoCodigoPaisSwitch", "D05_AlgoritmoCodigoPaisSwitch\D05_AlgoritmoCodigoPaisSwitch.csproj", "{ADFC7378-C60F-4C5B-8318-32A22B68A272}"
EndProject
Project("{FAE04EC0-301F-11D3-BF4B-00C04F79EFBC}") = "D05_AlgoritmoCodigoPaisIf", "D05_AlgoritmoCodigoPaisIf\D05_AlgoritmoCodigoPaisIf.csproj", "{A9562CC7-8447-451C-941F-68968EB27CF9}"
EndProject
Project("{FAE04EC0-301F-11D3-BF4B-00C04F79EFBC}") = "D05_AlgoritmoCodigoPaisStringInterpolation", "D05_AlgoritmoCodigoPaisStringInterpolation\D05_AlgoritmoCodigoPaisStringInterpolation.csproj", "{8DCA2AE7-AD97-4D76-B074-7FAA14AEA30A}"
EndProject
Project("{FAE04EC0-301F-11D3-BF4B-00C04F79EFBC}") = "D07_DataTypesConversion", "D07_DataTypesConversion\D07_DataTypesConversion.csproj", "{332E3A5E-8954-41A0-AAD5-828BCC8DFF1D}"
EndProject
Project("{FAE04EC0-301F-11D3-BF4B-00C04F79EFBC}") = "D08_DataTypesManipulation", "D08_DataTypesManipulation\D08_DataTypesManipulation.csproj", "{829EAD60-9BFA-4CED-AA29-C03F57CA97D2}"
EndProject
Project("{FAE04EC0-301F-11D3-BF4B-00C04F79EFBC}") = "D09_ConditionalStructures", "D09_ConditionalStructures\D09_ConditionalStructures.csproj", "{DB5F8806-8728-4093-AACA-50E92E8BD0E1}"
EndProject
Project("{FAE04EC0-301F-11D3-BF4B-00C04F79EFBC}") = "D10_LoopStructures", "D10_LoopStructures\D10_LoopStructures.csproj", "{58B9D520-6527-43B8-869C-B4BE9ECFAB7B}"
EndProject
Project("{FAE04EC0-301F-11D3-BF4B-00C04F79EFBC}") = "D00_Utility", "D00_Utility\D00_Utility.csproj", "{F9BDE1AA-9E8B-48CB-A240-4CF0C547EEF8}"
EndProject
Project("{FAE04EC0-301F-11D3-BF4B-00C04F79EFBC}") = "D11_Classes", "D11_Classes\D11_Classes.csproj", "{2998605F-7646-45BC-8082-1B4A5D80DE38}"
EndProject
Project("{FAE04EC0-301F-11D3-BF4B-00C04F79EFBC}") = "E05_AlgoritmoCalculadora", "E05_AlgoritmoCalculadora\E05_AlgoritmoCalculadora.csproj", "{861A90A7-5474-4F4F-A96B-936E4E2C6CFF}"
EndProject
Project("{FAE04EC0-301F-11D3-BF4B-00C04F79EFBC}") = "D12_Methods", "D12_Methods\D12_Methods.csproj", "{938759F0-0B15-4ED8-BF98-BC873A266EDD}"
EndProject
Project("{FAE04EC0-301F-11D3-BF4B-00C04F79EFBC}") = "E07_AreaRetangulo_v01", "E07_AreaRetangulo_v01\E07_AreaRetangulo_v01.csproj", "{EF5C4F6A-058F-4FA9-AFF8-5BB0D9DDE229}"
EndProject
Project("{FAE04EC0-301F-11D3-BF4B-00C04F79EFBC}") = "E08_Expressoes_v01", "E08_Expressoes_v01\E08_Expressoes_v01.csproj", "{0F8AB349-ECFD-48AB-8B87-5DDB861DDB99}"
EndProject
Project("{FAE04EC0-301F-11D3-BF4B-00C04F79EFBC}") = "E09_CasasDecimais_v01", "E09_CasasDecimais_v01\E09_CasasDecimais_v01.csproj", "{5B64806B-4BEF-41C6-AE10-A22BA8ADBCD1}"
EndProject
Project("{FAE04EC0-301F-11D3-BF4B-00C04F79EFBC}") = "E10_Percentagem_v01", "E10_Percentagem_v01\E10_Percentagem_v01.csproj", "{7090C640-638D-4552-A8DE-BA94F4973C89}"
EndProject
Project("{FAE04EC0-301F-11D3-BF4B-00C04F79EFBC}") = "E11_Alinhamento_CasasDecimais_v01", "E11_Alinhamento_CasasDecimais_v01\E11_Alinhamento_CasasDecimais_v01.csproj", "{FE3596D5-D187-4FCB-B700-54D35D50F694}"
EndProject
Project("{FAE04EC0-301F-11D3-BF4B-00C04F79EFBC}") = "E12_ParteInteira_v01", "E12_ParteInteira_v01\E12_ParteInteira_v01.csproj", "{61CAA5AC-A6C9-4A82-916D-6A71B88C0448}"
EndProject
Project("{FAE04EC0-301F-11D3-BF4B-00C04F79EFBC}") = "D13_AccessModifiers", "D13_AccessModifiers\D13_AccessModifiers.csproj", "{4872AA7B-01D4-47F1-9C4E-86E9DDC34779}"
EndProject
Project("{FAE04EC0-301F-11D3-BF4B-00C04F79EFBC}") = "D14_ErrorHandling", "D14_ErrorHandling\D14_ErrorHandling.csproj", "{6B3B91C9-3AA3-4A03-B979-F4F28263AC66}"
EndProject
Project("{FAE04EC0-301F-11D3-BF4B-00C04F79EFBC}") = "E13_Mensagem_v01", "E13_Mensagem_v01\E13_Mensagem_v01.csproj", "{A2361D86-1EFD-4A11-ABD3-EEC42AFAB58B}"
EndProject
Project("{FAE04EC0-301F-11D3-BF4B-00C04F79EFBC}") = "E14_MediaAritmética_v01", "E14_MediaAritmética_v01\E14_MediaAritmética_v01.csproj", "{A1787191-BE67-4269-83D3-1E0909CC1D49}"
EndProject
Project("{FAE04EC0-301F-11D3-BF4B-00C04F79EFBC}") = "E15_CambioDolarEuro_v01", "E15_CambioDolarEuro_v01\E15_CambioDolarEuro_v01.csproj", "{24AA3842-89F2-490B-AECB-D8219B848134}"
EndProject
Project("{FAE04EC0-301F-11D3-BF4B-00C04F79EFBC}") = "E16_FahrenheitToCelsius_v01", "E16_FahrenheitToCelsius_v01\E16_FahrenheitToCelsius_v01.csproj", "{60BE7D2E-9A5B-468F-8D44-A5FD83232C47}"
EndProject
Project("{FAE04EC0-301F-11D3-BF4B-00C04F79EFBC}") = "E06_Calculadora_v03_ComClasses", "E06_Calculadora_v03_ComClasses\E06_Calculadora_v03_ComClasses.csproj", "{6B915783-BA52-4B1C-95B4-D66E1CEFBC1E}"
EndProject
Project("{FAE04EC0-301F-11D3-BF4B-00C04F79EFBC}") = "00_ClassTemplate_v01", "00_ClassTemplate_v01\00_ClassTemplate_v01.csproj", "{388E24FA-5EF8-4E94-ABF5-9ABD51654ABA}"
EndProject
Project("{FAE04EC0-301F-11D3-BF4B-00C04F79EFBC}") = "E06_CalculadoraMRS_v02_ComClasses", "E06_CalculadoraMRS_v02_ComClasses\E06_CalculadoraMRS_v02_ComClasses.csproj", "{BC175CBC-2E64-4026-9DB0-85E534C36D43}"
EndProject
Project("{FAE04EC0-301F-11D3-BF4B-00C04F79EFBC}") = "D15_Collections_ArrayList", "D15_Collections_ArrayList\D15_Collections_ArrayList.csproj", "{1A7EA65A-BEFB-4AFB-8002-BD668CCE2BDC}"
EndProject
Project("{FAE04EC0-301F-11D3-BF4B-00C04F79EFBC}") = "E06_Calculadora_v02_ComClasses", "E06_Calculadora_v02_ComClasses\E06_Calculadora_v02_ComClasses.csproj", "{6EA07EA9-54C0-4276-9EE9-527DC5BAD338}"
EndProject
Project("{FAE04EC0-301F-11D3-BF4B-00C04F79EFBC}") = "E18_ValorDeVenda_v02_ComClasses", "E18_ValorDeVenda_v02_ComClasses\E18_ValorDeVenda_v02_ComClasses.csproj", "{B76C4D65-743C-4FCC-9090-19DC9646CEA8}"
EndProject
Project("{FAE04EC0-301F-11D3-BF4B-00C04F79EFBC}") = "E19_Collections_ArrayList_v01_ComClasses", "E19_Collections_ArrayList_v01_ComClasses\E19_Collections_ArrayList_v01_ComClasses.csproj", "{1283B00F-8AE9-49DD-B2A3-2757A28A5720}"
EndProject
Project("{FAE04EC0-301F-11D3-BF4B-00C04F79EFBC}") = "D16_CollectionsGeneric_List", "D16_CollectionsGeneric_List\D16_CollectionsGeneric_List.csproj", "{653265C9-41E2-4F20-838D-27742BA92F7F}"
EndProject
Project("{FAE04EC0-301F-11D3-BF4B-00C04F79EFBC}") = "D17_CollectionsGeneric_Queue", "D17_CollectionsGeneric_Queue\D17_CollectionsGeneric_Queue.csproj", "{5B2AF85A-A743-4D0C-A87B-BA57B6550B78}"
EndProject
Project("{FAE04EC0-301F-11D3-BF4B-00C04F79EFBC}") = "D18_CollectionsGeneric_Stack", "D18_CollectionsGeneric_Stack\D18_CollectionsGeneric_Stack.csproj", "{A483C624-EC2E-4B7C-91C5-D765BEE404CA}"
EndProject
Project("{FAE04EC0-301F-11D3-BF4B-00C04F79EFBC}") = "E20_ConversorDeTempo_v01_ComClasses", "E20_ConversorDeTempo_v01_ComClasses\E20_ConversorDeTempo_v01_ComClasses.csproj", "{E4FD717A-C079-4886-806C-65363FFC8BA0}"
EndProject
Project("{FAE04EC0-301F-11D3-BF4B-00C04F79EFBC}") = "D19_CollectionsGeneric_Dictionary", "D19_CollectionsGeneric_Dictionary\D19_CollectionsGeneric_Dictionary.csproj", "{D61DBB8D-B006-4899-8148-C9ED46563DB2}"
EndProject
Project("{FAE04EC0-301F-11D3-BF4B-00C04F79EFBC}") = "E21_Collections_ListManipulation_Person", "E21_Collections_ListManipulation_Person\E21_Collections_ListManipulation_Person.csproj", "{7137F7D8-21A6-4E27-9987-E7CD0312030F}"
EndProject
Project("{FAE04EC0-301F-11D3-BF4B-00C04F79EFBC}") = "E17_ValorDeVenda_v01_ComClasses", "E17_ValorDeVenda_v01_ComClasses\E17_ValorDeVenda_v01_ComClasses.csproj", "{1F80098A-FE4E-4AE1-9185-B50B7CFAC8CA}"
EndProject
Project("{FAE04EC0-301F-11D3-BF4B-00C04F79EFBC}") = "E22_FutureAge_v1", "E22_FutureAge_v1\E22_FutureAge_v1.csproj", "{6754A5BD-9A98-4B94-BB35-235475BAF90C}"
EndProject
Project("{FAE04EC0-301F-11D3-BF4B-00C04F79EFBC}") = "E23_AverageSpend_v1", "E23_AverageSpend_v1\E23_AverageSpend_v1.csproj", "{529B8BFF-835D-4DF9-A479-30AB33F77DEF}"
EndProject
Project("{FAE04EC0-301F-11D3-BF4B-00C04F79EFBC}") = "E24_Salary_v1", "E24_Salary_v1\E24_Salary_v1.csproj", "{EEF8FCB6-782D-4E89-9C33-FB3874CF60DA}"
EndProject
Project("{FAE04EC0-301F-11D3-BF4B-00C04F79EFBC}") = "E25_ChangeValues_v1", "E25_ChangeValues_v1\E25_ChangeValues_v1.csproj", "{6E2E349D-9BE9-4450-90E6-DFC0289AAFB4}"
EndProject
Project("{FAE04EC0-301F-11D3-BF4B-00C04F79EFBC}") = "E26_AntecessorSucessor_v1", "E26_AntecessorSucessor_v1\E26_AntecessorSucessor_v1.csproj", "{B07A86DC-AD79-4E6B-BCAF-ABF2D84FC7CA}"
EndProject
Project("{FAE04EC0-301F-11D3-BF4B-00C04F79EFBC}") = "E27_ApresentarResultados_v1", "E27_ApresentarResultados_v1\E27_ApresentarResultados_v1.csproj", "{3CD4E8D1-6E22-43FC-A414-D19B169979B4}"
EndProject
Global
	GlobalSection(SolutionConfigurationPlatforms) = preSolution
		Debug|Any CPU = Debug|Any CPU
		Release|Any CPU = Release|Any CPU
	EndGlobalSection
	GlobalSection(ProjectConfigurationPlatforms) = postSolution
		{7217487B-A134-4E09-85FD-F31C25DBC43B}.Debug|Any CPU.ActiveCfg = Debug|Any CPU
		{7217487B-A134-4E09-85FD-F31C25DBC43B}.Debug|Any CPU.Build.0 = Debug|Any CPU
		{7217487B-A134-4E09-85FD-F31C25DBC43B}.Release|Any CPU.ActiveCfg = Release|Any CPU
		{7217487B-A134-4E09-85FD-F31C25DBC43B}.Release|Any CPU.Build.0 = Release|Any CPU
		{C0F345E8-2A3D-48EB-ABD6-BA7DC0730BDE}.Debug|Any CPU.ActiveCfg = Debug|Any CPU
		{C0F345E8-2A3D-48EB-ABD6-BA7DC0730BDE}.Debug|Any CPU.Build.0 = Debug|Any CPU
		{C0F345E8-2A3D-48EB-ABD6-BA7DC0730BDE}.Release|Any CPU.ActiveCfg = Release|Any CPU
		{C0F345E8-2A3D-48EB-ABD6-BA7DC0730BDE}.Release|Any CPU.Build.0 = Release|Any CPU
		{789BBAF4-76CC-4166-A25B-45DECE8B0F1C}.Debug|Any CPU.ActiveCfg = Debug|Any CPU
		{789BBAF4-76CC-4166-A25B-45DECE8B0F1C}.Debug|Any CPU.Build.0 = Debug|Any CPU
		{789BBAF4-76CC-4166-A25B-45DECE8B0F1C}.Release|Any CPU.ActiveCfg = Release|Any CPU
		{789BBAF4-76CC-4166-A25B-45DECE8B0F1C}.Release|Any CPU.Build.0 = Release|Any CPU
		{E78C56B7-80A0-4C0E-BF06-993004359AC6}.Debug|Any CPU.ActiveCfg = Debug|Any CPU
		{E78C56B7-80A0-4C0E-BF06-993004359AC6}.Debug|Any CPU.Build.0 = Debug|Any CPU
		{E78C56B7-80A0-4C0E-BF06-993004359AC6}.Release|Any CPU.ActiveCfg = Release|Any CPU
		{E78C56B7-80A0-4C0E-BF06-993004359AC6}.Release|Any CPU.Build.0 = Release|Any CPU
		{6D4FBD00-1CBB-490E-89F0-8E8E7049BC98}.Debug|Any CPU.ActiveCfg = Debug|Any CPU
		{6D4FBD00-1CBB-490E-89F0-8E8E7049BC98}.Debug|Any CPU.Build.0 = Debug|Any CPU
		{6D4FBD00-1CBB-490E-89F0-8E8E7049BC98}.Release|Any CPU.ActiveCfg = Release|Any CPU
		{6D4FBD00-1CBB-490E-89F0-8E8E7049BC98}.Release|Any CPU.Build.0 = Release|Any CPU
		{F46B71F2-5088-4343-BA4D-96361877DD54}.Debug|Any CPU.ActiveCfg = Debug|Any CPU
		{F46B71F2-5088-4343-BA4D-96361877DD54}.Debug|Any CPU.Build.0 = Debug|Any CPU
		{F46B71F2-5088-4343-BA4D-96361877DD54}.Release|Any CPU.ActiveCfg = Release|Any CPU
		{F46B71F2-5088-4343-BA4D-96361877DD54}.Release|Any CPU.Build.0 = Release|Any CPU
		{8B5853E6-D95A-4EC0-957F-47B62926F6A1}.Debug|Any CPU.ActiveCfg = Debug|Any CPU
		{8B5853E6-D95A-4EC0-957F-47B62926F6A1}.Debug|Any CPU.Build.0 = Debug|Any CPU
		{8B5853E6-D95A-4EC0-957F-47B62926F6A1}.Release|Any CPU.ActiveCfg = Release|Any CPU
		{8B5853E6-D95A-4EC0-957F-47B62926F6A1}.Release|Any CPU.Build.0 = Release|Any CPU
		{7566F7ED-8CE2-4FE5-AAAA-05A9A32CB71D}.Debug|Any CPU.ActiveCfg = Debug|Any CPU
		{7566F7ED-8CE2-4FE5-AAAA-05A9A32CB71D}.Debug|Any CPU.Build.0 = Debug|Any CPU
		{7566F7ED-8CE2-4FE5-AAAA-05A9A32CB71D}.Release|Any CPU.ActiveCfg = Release|Any CPU
		{7566F7ED-8CE2-4FE5-AAAA-05A9A32CB71D}.Release|Any CPU.Build.0 = Release|Any CPU
		{F705A636-88E7-49CD-B16B-8DB9CD9F5CA0}.Debug|Any CPU.ActiveCfg = Debug|Any CPU
		{F705A636-88E7-49CD-B16B-8DB9CD9F5CA0}.Debug|Any CPU.Build.0 = Debug|Any CPU
		{F705A636-88E7-49CD-B16B-8DB9CD9F5CA0}.Release|Any CPU.ActiveCfg = Release|Any CPU
		{F705A636-88E7-49CD-B16B-8DB9CD9F5CA0}.Release|Any CPU.Build.0 = Release|Any CPU
		{ADFC7378-C60F-4C5B-8318-32A22B68A272}.Debug|Any CPU.ActiveCfg = Debug|Any CPU
		{ADFC7378-C60F-4C5B-8318-32A22B68A272}.Debug|Any CPU.Build.0 = Debug|Any CPU
		{ADFC7378-C60F-4C5B-8318-32A22B68A272}.Release|Any CPU.ActiveCfg = Release|Any CPU
		{ADFC7378-C60F-4C5B-8318-32A22B68A272}.Release|Any CPU.Build.0 = Release|Any CPU
		{A9562CC7-8447-451C-941F-68968EB27CF9}.Debug|Any CPU.ActiveCfg = Debug|Any CPU
		{A9562CC7-8447-451C-941F-68968EB27CF9}.Debug|Any CPU.Build.0 = Debug|Any CPU
		{A9562CC7-8447-451C-941F-68968EB27CF9}.Release|Any CPU.ActiveCfg = Release|Any CPU
		{A9562CC7-8447-451C-941F-68968EB27CF9}.Release|Any CPU.Build.0 = Release|Any CPU
		{8DCA2AE7-AD97-4D76-B074-7FAA14AEA30A}.Debug|Any CPU.ActiveCfg = Debug|Any CPU
		{8DCA2AE7-AD97-4D76-B074-7FAA14AEA30A}.Debug|Any CPU.Build.0 = Debug|Any CPU
		{8DCA2AE7-AD97-4D76-B074-7FAA14AEA30A}.Release|Any CPU.ActiveCfg = Release|Any CPU
		{8DCA2AE7-AD97-4D76-B074-7FAA14AEA30A}.Release|Any CPU.Build.0 = Release|Any CPU
		{332E3A5E-8954-41A0-AAD5-828BCC8DFF1D}.Debug|Any CPU.ActiveCfg = Debug|Any CPU
		{332E3A5E-8954-41A0-AAD5-828BCC8DFF1D}.Debug|Any CPU.Build.0 = Debug|Any CPU
		{332E3A5E-8954-41A0-AAD5-828BCC8DFF1D}.Release|Any CPU.ActiveCfg = Release|Any CPU
		{332E3A5E-8954-41A0-AAD5-828BCC8DFF1D}.Release|Any CPU.Build.0 = Release|Any CPU
		{829EAD60-9BFA-4CED-AA29-C03F57CA97D2}.Debug|Any CPU.ActiveCfg = Debug|Any CPU
		{829EAD60-9BFA-4CED-AA29-C03F57CA97D2}.Debug|Any CPU.Build.0 = Debug|Any CPU
		{829EAD60-9BFA-4CED-AA29-C03F57CA97D2}.Release|Any CPU.ActiveCfg = Release|Any CPU
		{829EAD60-9BFA-4CED-AA29-C03F57CA97D2}.Release|Any CPU.Build.0 = Release|Any CPU
		{DB5F8806-8728-4093-AACA-50E92E8BD0E1}.Debug|Any CPU.ActiveCfg = Debug|Any CPU
		{DB5F8806-8728-4093-AACA-50E92E8BD0E1}.Debug|Any CPU.Build.0 = Debug|Any CPU
		{DB5F8806-8728-4093-AACA-50E92E8BD0E1}.Release|Any CPU.ActiveCfg = Release|Any CPU
		{DB5F8806-8728-4093-AACA-50E92E8BD0E1}.Release|Any CPU.Build.0 = Release|Any CPU
		{58B9D520-6527-43B8-869C-B4BE9ECFAB7B}.Debug|Any CPU.ActiveCfg = Debug|Any CPU
		{58B9D520-6527-43B8-869C-B4BE9ECFAB7B}.Debug|Any CPU.Build.0 = Debug|Any CPU
		{58B9D520-6527-43B8-869C-B4BE9ECFAB7B}.Release|Any CPU.ActiveCfg = Release|Any CPU
		{58B9D520-6527-43B8-869C-B4BE9ECFAB7B}.Release|Any CPU.Build.0 = Release|Any CPU
		{F9BDE1AA-9E8B-48CB-A240-4CF0C547EEF8}.Debug|Any CPU.ActiveCfg = Debug|Any CPU
		{F9BDE1AA-9E8B-48CB-A240-4CF0C547EEF8}.Debug|Any CPU.Build.0 = Debug|Any CPU
		{F9BDE1AA-9E8B-48CB-A240-4CF0C547EEF8}.Release|Any CPU.ActiveCfg = Release|Any CPU
		{F9BDE1AA-9E8B-48CB-A240-4CF0C547EEF8}.Release|Any CPU.Build.0 = Release|Any CPU
		{2998605F-7646-45BC-8082-1B4A5D80DE38}.Debug|Any CPU.ActiveCfg = Debug|Any CPU
		{2998605F-7646-45BC-8082-1B4A5D80DE38}.Debug|Any CPU.Build.0 = Debug|Any CPU
		{2998605F-7646-45BC-8082-1B4A5D80DE38}.Release|Any CPU.ActiveCfg = Release|Any CPU
		{2998605F-7646-45BC-8082-1B4A5D80DE38}.Release|Any CPU.Build.0 = Release|Any CPU
		{861A90A7-5474-4F4F-A96B-936E4E2C6CFF}.Debug|Any CPU.ActiveCfg = Debug|Any CPU
		{861A90A7-5474-4F4F-A96B-936E4E2C6CFF}.Debug|Any CPU.Build.0 = Debug|Any CPU
		{861A90A7-5474-4F4F-A96B-936E4E2C6CFF}.Release|Any CPU.ActiveCfg = Release|Any CPU
		{861A90A7-5474-4F4F-A96B-936E4E2C6CFF}.Release|Any CPU.Build.0 = Release|Any CPU
		{938759F0-0B15-4ED8-BF98-BC873A266EDD}.Debug|Any CPU.ActiveCfg = Debug|Any CPU
		{938759F0-0B15-4ED8-BF98-BC873A266EDD}.Debug|Any CPU.Build.0 = Debug|Any CPU
		{938759F0-0B15-4ED8-BF98-BC873A266EDD}.Release|Any CPU.ActiveCfg = Release|Any CPU
		{938759F0-0B15-4ED8-BF98-BC873A266EDD}.Release|Any CPU.Build.0 = Release|Any CPU
		{EF5C4F6A-058F-4FA9-AFF8-5BB0D9DDE229}.Debug|Any CPU.ActiveCfg = Debug|Any CPU
		{EF5C4F6A-058F-4FA9-AFF8-5BB0D9DDE229}.Debug|Any CPU.Build.0 = Debug|Any CPU
		{EF5C4F6A-058F-4FA9-AFF8-5BB0D9DDE229}.Release|Any CPU.ActiveCfg = Release|Any CPU
		{EF5C4F6A-058F-4FA9-AFF8-5BB0D9DDE229}.Release|Any CPU.Build.0 = Release|Any CPU
		{0F8AB349-ECFD-48AB-8B87-5DDB861DDB99}.Debug|Any CPU.ActiveCfg = Debug|Any CPU
		{0F8AB349-ECFD-48AB-8B87-5DDB861DDB99}.Debug|Any CPU.Build.0 = Debug|Any CPU
		{0F8AB349-ECFD-48AB-8B87-5DDB861DDB99}.Release|Any CPU.ActiveCfg = Release|Any CPU
		{0F8AB349-ECFD-48AB-8B87-5DDB861DDB99}.Release|Any CPU.Build.0 = Release|Any CPU
		{5B64806B-4BEF-41C6-AE10-A22BA8ADBCD1}.Debug|Any CPU.ActiveCfg = Debug|Any CPU
		{5B64806B-4BEF-41C6-AE10-A22BA8ADBCD1}.Debug|Any CPU.Build.0 = Debug|Any CPU
		{5B64806B-4BEF-41C6-AE10-A22BA8ADBCD1}.Release|Any CPU.ActiveCfg = Release|Any CPU
		{5B64806B-4BEF-41C6-AE10-A22BA8ADBCD1}.Release|Any CPU.Build.0 = Release|Any CPU
		{7090C640-638D-4552-A8DE-BA94F4973C89}.Debug|Any CPU.ActiveCfg = Debug|Any CPU
		{7090C640-638D-4552-A8DE-BA94F4973C89}.Debug|Any CPU.Build.0 = Debug|Any CPU
		{7090C640-638D-4552-A8DE-BA94F4973C89}.Release|Any CPU.ActiveCfg = Release|Any CPU
		{7090C640-638D-4552-A8DE-BA94F4973C89}.Release|Any CPU.Build.0 = Release|Any CPU
		{FE3596D5-D187-4FCB-B700-54D35D50F694}.Debug|Any CPU.ActiveCfg = Debug|Any CPU
		{FE3596D5-D187-4FCB-B700-54D35D50F694}.Debug|Any CPU.Build.0 = Debug|Any CPU
		{FE3596D5-D187-4FCB-B700-54D35D50F694}.Release|Any CPU.ActiveCfg = Release|Any CPU
		{FE3596D5-D187-4FCB-B700-54D35D50F694}.Release|Any CPU.Build.0 = Release|Any CPU
		{61CAA5AC-A6C9-4A82-916D-6A71B88C0448}.Debug|Any CPU.ActiveCfg = Debug|Any CPU
		{61CAA5AC-A6C9-4A82-916D-6A71B88C0448}.Debug|Any CPU.Build.0 = Debug|Any CPU
		{61CAA5AC-A6C9-4A82-916D-6A71B88C0448}.Release|Any CPU.ActiveCfg = Release|Any CPU
		{61CAA5AC-A6C9-4A82-916D-6A71B88C0448}.Release|Any CPU.Build.0 = Release|Any CPU
		{4872AA7B-01D4-47F1-9C4E-86E9DDC34779}.Debug|Any CPU.ActiveCfg = Debug|Any CPU
		{4872AA7B-01D4-47F1-9C4E-86E9DDC34779}.Debug|Any CPU.Build.0 = Debug|Any CPU
		{4872AA7B-01D4-47F1-9C4E-86E9DDC34779}.Release|Any CPU.ActiveCfg = Release|Any CPU
		{4872AA7B-01D4-47F1-9C4E-86E9DDC34779}.Release|Any CPU.Build.0 = Release|Any CPU
		{6B3B91C9-3AA3-4A03-B979-F4F28263AC66}.Debug|Any CPU.ActiveCfg = Debug|Any CPU
		{6B3B91C9-3AA3-4A03-B979-F4F28263AC66}.Debug|Any CPU.Build.0 = Debug|Any CPU
		{6B3B91C9-3AA3-4A03-B979-F4F28263AC66}.Release|Any CPU.ActiveCfg = Release|Any CPU
		{6B3B91C9-3AA3-4A03-B979-F4F28263AC66}.Release|Any CPU.Build.0 = Release|Any CPU
		{A2361D86-1EFD-4A11-ABD3-EEC42AFAB58B}.Debug|Any CPU.ActiveCfg = Debug|Any CPU
		{A2361D86-1EFD-4A11-ABD3-EEC42AFAB58B}.Debug|Any CPU.Build.0 = Debug|Any CPU
		{A2361D86-1EFD-4A11-ABD3-EEC42AFAB58B}.Release|Any CPU.ActiveCfg = Release|Any CPU
		{A2361D86-1EFD-4A11-ABD3-EEC42AFAB58B}.Release|Any CPU.Build.0 = Release|Any CPU
		{A1787191-BE67-4269-83D3-1E0909CC1D49}.Debug|Any CPU.ActiveCfg = Debug|Any CPU
		{A1787191-BE67-4269-83D3-1E0909CC1D49}.Debug|Any CPU.Build.0 = Debug|Any CPU
		{A1787191-BE67-4269-83D3-1E0909CC1D49}.Release|Any CPU.ActiveCfg = Release|Any CPU
		{A1787191-BE67-4269-83D3-1E0909CC1D49}.Release|Any CPU.Build.0 = Release|Any CPU
		{24AA3842-89F2-490B-AECB-D8219B848134}.Debug|Any CPU.ActiveCfg = Debug|Any CPU
		{24AA3842-89F2-490B-AECB-D8219B848134}.Debug|Any CPU.Build.0 = Debug|Any CPU
		{24AA3842-89F2-490B-AECB-D8219B848134}.Release|Any CPU.ActiveCfg = Release|Any CPU
		{24AA3842-89F2-490B-AECB-D8219B848134}.Release|Any CPU.Build.0 = Release|Any CPU
		{60BE7D2E-9A5B-468F-8D44-A5FD83232C47}.Debug|Any CPU.ActiveCfg = Debug|Any CPU
		{60BE7D2E-9A5B-468F-8D44-A5FD83232C47}.Debug|Any CPU.Build.0 = Debug|Any CPU
		{60BE7D2E-9A5B-468F-8D44-A5FD83232C47}.Release|Any CPU.ActiveCfg = Release|Any CPU
		{60BE7D2E-9A5B-468F-8D44-A5FD83232C47}.Release|Any CPU.Build.0 = Release|Any CPU
		{6B915783-BA52-4B1C-95B4-D66E1CEFBC1E}.Debug|Any CPU.ActiveCfg = Debug|Any CPU
		{6B915783-BA52-4B1C-95B4-D66E1CEFBC1E}.Debug|Any CPU.Build.0 = Debug|Any CPU
		{6B915783-BA52-4B1C-95B4-D66E1CEFBC1E}.Release|Any CPU.ActiveCfg = Release|Any CPU
		{6B915783-BA52-4B1C-95B4-D66E1CEFBC1E}.Release|Any CPU.Build.0 = Release|Any CPU
		{388E24FA-5EF8-4E94-ABF5-9ABD51654ABA}.Debug|Any CPU.ActiveCfg = Debug|Any CPU
		{388E24FA-5EF8-4E94-ABF5-9ABD51654ABA}.Debug|Any CPU.Build.0 = Debug|Any CPU
		{388E24FA-5EF8-4E94-ABF5-9ABD51654ABA}.Release|Any CPU.ActiveCfg = Release|Any CPU
		{388E24FA-5EF8-4E94-ABF5-9ABD51654ABA}.Release|Any CPU.Build.0 = Release|Any CPU
		{BC175CBC-2E64-4026-9DB0-85E534C36D43}.Debug|Any CPU.ActiveCfg = Debug|Any CPU
		{BC175CBC-2E64-4026-9DB0-85E534C36D43}.Debug|Any CPU.Build.0 = Debug|Any CPU
		{BC175CBC-2E64-4026-9DB0-85E534C36D43}.Release|Any CPU.ActiveCfg = Release|Any CPU
		{BC175CBC-2E64-4026-9DB0-85E534C36D43}.Release|Any CPU.Build.0 = Release|Any CPU
		{1A7EA65A-BEFB-4AFB-8002-BD668CCE2BDC}.Debug|Any CPU.ActiveCfg = Debug|Any CPU
		{1A7EA65A-BEFB-4AFB-8002-BD668CCE2BDC}.Debug|Any CPU.Build.0 = Debug|Any CPU
		{1A7EA65A-BEFB-4AFB-8002-BD668CCE2BDC}.Release|Any CPU.ActiveCfg = Release|Any CPU
		{1A7EA65A-BEFB-4AFB-8002-BD668CCE2BDC}.Release|Any CPU.Build.0 = Release|Any CPU
		{6EA07EA9-54C0-4276-9EE9-527DC5BAD338}.Debug|Any CPU.ActiveCfg = Debug|Any CPU
		{6EA07EA9-54C0-4276-9EE9-527DC5BAD338}.Debug|Any CPU.Build.0 = Debug|Any CPU
		{6EA07EA9-54C0-4276-9EE9-527DC5BAD338}.Release|Any CPU.ActiveCfg = Release|Any CPU
		{6EA07EA9-54C0-4276-9EE9-527DC5BAD338}.Release|Any CPU.Build.0 = Release|Any CPU
		{B76C4D65-743C-4FCC-9090-19DC9646CEA8}.Debug|Any CPU.ActiveCfg = Debug|Any CPU
		{B76C4D65-743C-4FCC-9090-19DC9646CEA8}.Debug|Any CPU.Build.0 = Debug|Any CPU
		{B76C4D65-743C-4FCC-9090-19DC9646CEA8}.Release|Any CPU.ActiveCfg = Release|Any CPU
		{B76C4D65-743C-4FCC-9090-19DC9646CEA8}.Release|Any CPU.Build.0 = Release|Any CPU
		{1283B00F-8AE9-49DD-B2A3-2757A28A5720}.Debug|Any CPU.ActiveCfg = Debug|Any CPU
		{1283B00F-8AE9-49DD-B2A3-2757A28A5720}.Debug|Any CPU.Build.0 = Debug|Any CPU
		{1283B00F-8AE9-49DD-B2A3-2757A28A5720}.Release|Any CPU.ActiveCfg = Release|Any CPU
		{1283B00F-8AE9-49DD-B2A3-2757A28A5720}.Release|Any CPU.Build.0 = Release|Any CPU
		{653265C9-41E2-4F20-838D-27742BA92F7F}.Debug|Any CPU.ActiveCfg = Debug|Any CPU
		{653265C9-41E2-4F20-838D-27742BA92F7F}.Debug|Any CPU.Build.0 = Debug|Any CPU
		{653265C9-41E2-4F20-838D-27742BA92F7F}.Release|Any CPU.ActiveCfg = Release|Any CPU
		{653265C9-41E2-4F20-838D-27742BA92F7F}.Release|Any CPU.Build.0 = Release|Any CPU
		{5B2AF85A-A743-4D0C-A87B-BA57B6550B78}.Debug|Any CPU.ActiveCfg = Debug|Any CPU
		{5B2AF85A-A743-4D0C-A87B-BA57B6550B78}.Debug|Any CPU.Build.0 = Debug|Any CPU
		{5B2AF85A-A743-4D0C-A87B-BA57B6550B78}.Release|Any CPU.ActiveCfg = Release|Any CPU
		{5B2AF85A-A743-4D0C-A87B-BA57B6550B78}.Release|Any CPU.Build.0 = Release|Any CPU
		{A483C624-EC2E-4B7C-91C5-D765BEE404CA}.Debug|Any CPU.ActiveCfg = Debug|Any CPU
		{A483C624-EC2E-4B7C-91C5-D765BEE404CA}.Debug|Any CPU.Build.0 = Debug|Any CPU
		{A483C624-EC2E-4B7C-91C5-D765BEE404CA}.Release|Any CPU.ActiveCfg = Release|Any CPU
		{A483C624-EC2E-4B7C-91C5-D765BEE404CA}.Release|Any CPU.Build.0 = Release|Any CPU
		{E4FD717A-C079-4886-806C-65363FFC8BA0}.Debug|Any CPU.ActiveCfg = Debug|Any CPU
		{E4FD717A-C079-4886-806C-65363FFC8BA0}.Debug|Any CPU.Build.0 = Debug|Any CPU
		{E4FD717A-C079-4886-806C-65363FFC8BA0}.Release|Any CPU.ActiveCfg = Release|Any CPU
		{E4FD717A-C079-4886-806C-65363FFC8BA0}.Release|Any CPU.Build.0 = Release|Any CPU
		{D61DBB8D-B006-4899-8148-C9ED46563DB2}.Debug|Any CPU.ActiveCfg = Debug|Any CPU
		{D61DBB8D-B006-4899-8148-C9ED46563DB2}.Debug|Any CPU.Build.0 = Debug|Any CPU
		{D61DBB8D-B006-4899-8148-C9ED46563DB2}.Release|Any CPU.ActiveCfg = Release|Any CPU
		{D61DBB8D-B006-4899-8148-C9ED46563DB2}.Release|Any CPU.Build.0 = Release|Any CPU
		{7137F7D8-21A6-4E27-9987-E7CD0312030F}.Debug|Any CPU.ActiveCfg = Debug|Any CPU
		{7137F7D8-21A6-4E27-9987-E7CD0312030F}.Debug|Any CPU.Build.0 = Debug|Any CPU
		{7137F7D8-21A6-4E27-9987-E7CD0312030F}.Release|Any CPU.ActiveCfg = Release|Any CPU
		{7137F7D8-21A6-4E27-9987-E7CD0312030F}.Release|Any CPU.Build.0 = Release|Any CPU
		{1F80098A-FE4E-4AE1-9185-B50B7CFAC8CA}.Debug|Any CPU.ActiveCfg = Debug|Any CPU
		{1F80098A-FE4E-4AE1-9185-B50B7CFAC8CA}.Debug|Any CPU.Build.0 = Debug|Any CPU
		{1F80098A-FE4E-4AE1-9185-B50B7CFAC8CA}.Release|Any CPU.ActiveCfg = Release|Any CPU
		{1F80098A-FE4E-4AE1-9185-B50B7CFAC8CA}.Release|Any CPU.Build.0 = Release|Any CPU
		{6754A5BD-9A98-4B94-BB35-235475BAF90C}.Debug|Any CPU.ActiveCfg = Debug|Any CPU
		{6754A5BD-9A98-4B94-BB35-235475BAF90C}.Debug|Any CPU.Build.0 = Debug|Any CPU
		{6754A5BD-9A98-4B94-BB35-235475BAF90C}.Release|Any CPU.ActiveCfg = Release|Any CPU
		{6754A5BD-9A98-4B94-BB35-235475BAF90C}.Release|Any CPU.Build.0 = Release|Any CPU
		{529B8BFF-835D-4DF9-A479-30AB33F77DEF}.Debug|Any CPU.ActiveCfg = Debug|Any CPU
		{529B8BFF-835D-4DF9-A479-30AB33F77DEF}.Debug|Any CPU.Build.0 = Debug|Any CPU
		{529B8BFF-835D-4DF9-A479-30AB33F77DEF}.Release|Any CPU.ActiveCfg = Release|Any CPU
		{529B8BFF-835D-4DF9-A479-30AB33F77DEF}.Release|Any CPU.Build.0 = Release|Any CPU
		{EEF8FCB6-782D-4E89-9C33-FB3874CF60DA}.Debug|Any CPU.ActiveCfg = Debug|Any CPU
		{EEF8FCB6-782D-4E89-9C33-FB3874CF60DA}.Debug|Any CPU.Build.0 = Debug|Any CPU
		{EEF8FCB6-782D-4E89-9C33-FB3874CF60DA}.Release|Any CPU.ActiveCfg = Release|Any CPU
		{EEF8FCB6-782D-4E89-9C33-FB3874CF60DA}.Release|Any CPU.Build.0 = Release|Any CPU
		{6E2E349D-9BE9-4450-90E6-DFC0289AAFB4}.Debug|Any CPU.ActiveCfg = Debug|Any CPU
		{6E2E349D-9BE9-4450-90E6-DFC0289AAFB4}.Debug|Any CPU.Build.0 = Debug|Any CPU
		{6E2E349D-9BE9-4450-90E6-DFC0289AAFB4}.Release|Any CPU.ActiveCfg = Release|Any CPU
		{6E2E349D-9BE9-4450-90E6-DFC0289AAFB4}.Release|Any CPU.Build.0 = Release|Any CPU
		{B07A86DC-AD79-4E6B-BCAF-ABF2D84FC7CA}.Debug|Any CPU.ActiveCfg = Debug|Any CPU
		{B07A86DC-AD79-4E6B-BCAF-ABF2D84FC7CA}.Debug|Any CPU.Build.0 = Debug|Any CPU
		{B07A86DC-AD79-4E6B-BCAF-ABF2D84FC7CA}.Release|Any CPU.ActiveCfg = Release|Any CPU
		{B07A86DC-AD79-4E6B-BCAF-ABF2D84FC7CA}.Release|Any CPU.Build.0 = Release|Any CPU
		{3CD4E8D1-6E22-43FC-A414-D19B169979B4}.Debug|Any CPU.ActiveCfg = Debug|Any CPU
		{3CD4E8D1-6E22-43FC-A414-D19B169979B4}.Debug|Any CPU.Build.0 = Debug|Any CPU
		{3CD4E8D1-6E22-43FC-A414-D19B169979B4}.Release|Any CPU.ActiveCfg = Release|Any CPU
		{3CD4E8D1-6E22-43FC-A414-D19B169979B4}.Release|Any CPU.Build.0 = Release|Any CPU
	EndGlobalSection
	GlobalSection(SolutionProperties) = preSolution
		HideSolutionNode = FALSE
	EndGlobalSection
	GlobalSection(ExtensibilityGlobals) = postSolution
		SolutionGuid = {4B49CE49-BB1F-480A-B65F-E9C8ECC72FBC}
	EndGlobalSection
EndGlobal
